
Microsoft Visual Studio Solution File, Format Version 12.00
# Visual Studio Version 17
VisualStudioVersion = 17.14.36327.8 d17.14
MinimumVisualStudioVersion = 10.0.40219.1
Project("{FAE04EC0-301F-11D3-BF4B-00C04F79EFBC}") = "EntityFrameworkCore", "EntityFrameworkCore\EntityFrameworkCore.csproj", "{21EF9559-EF8C-4C21-A8DC-0F6B0BFEDD1D}"
EndProject
Global
	GlobalSection(SolutionConfigurationPlatforms) = preSolution
		Debug|Any CPU = Debug|Any CPU
		Release|Any CPU = Release|Any CPU
	EndGlobalSection
	GlobalSection(ProjectConfigurationPlatforms) = postSolution
		{21EF9559-EF8C-4C21-A8DC-0F6B0BFEDD1D}.Debug|Any CPU.ActiveCfg = Debug|Any CPU
		{21EF9559-EF8C-4C21-A8DC-0F6B0BFEDD1D}.Debug|Any CPU.Build.0 = Debug|Any CPU
		{21EF9559-EF8C-4C21-A8DC-0F6B0BFEDD1D}.Release|Any CPU.ActiveCfg = Release|Any CPU
		{21EF9559-EF8C-4C21-A8DC-0F6B0BFEDD1D}.Release|Any CPU.Build.0 = Release|Any CPU
	EndGlobalSection
	GlobalSection(SolutionProperties) = preSolution
		HideSolutionNode = FALSE
	EndGlobalSection
	GlobalSection(ExtensibilityGlobals) = postSolution
		SolutionGuid = {E880D3DE-8472-402E-87A9-E2D7C0522614}
	EndGlobalSection
EndGlobal
